
Microsoft Visual Studio Solution File, Format Version 12.00
# Visual Studio Version 16
VisualStudioVersion = 16.0.29123.88
MinimumVisualStudioVersion = 10.0.40219.1
Project("{9A19103F-16F7-4668-BE54-9A1E7A4F7556}") = "StructureHelper", "StructureHelper.csproj", "{E8EC1BE9-A321-47D3-A40E-DD5D51D973A1}"
EndProject
Global
	GlobalSection(SolutionConfigurationPlatforms) = preSolution
		Debug|Any CPU = Debug|Any CPU
		Release|Any CPU = Release|Any CPU
	EndGlobalSection
	GlobalSection(ProjectConfigurationPlatforms) = postSolution
		{E8EC1BE9-A321-47D3-A40E-DD5D51D973A1}.Debug|Any CPU.ActiveCfg = Debug|Any CPU
		{E8EC1BE9-A321-47D3-A40E-DD5D51D973A1}.Debug|Any CPU.Build.0 = Debug|Any CPU
		{E8EC1BE9-A321-47D3-A40E-DD5D51D973A1}.Release|Any CPU.ActiveCfg = Release|Any CPU
		{E8EC1BE9-A321-47D3-A40E-DD5D51D973A1}.Release|Any CPU.Build.0 = Release|Any CPU
	EndGlobalSection
	GlobalSection(SolutionProperties) = preSolution
		HideSolutionNode = FALSE
	EndGlobalSection
	GlobalSection(ExtensibilityGlobals) = postSolution
		SolutionGuid = {890D3A7C-E2A6-45A2-A67D-6437D09F9C36}
	EndGlobalSection
EndGlobal
